// !$*UTF8*$!
{
	archiveVersion = 1;
	classes = {
	};
	objectVersion = 46;
	objects = {

/* Begin PBXBuildFile section */
		7AEE98AC1EE871A50054F624 /* Debug.swift in Sources */ = {isa = PBXBuildFile; fileRef = 7AEE98AB1EE871A50054F624 /* Debug.swift */; };
		7AEE98AE1EE872370054F624 /* Ball.swift in Sources */ = {isa = PBXBuildFile; fileRef = 7AEE98AD1EE872370054F624 /* Ball.swift */; };
		7AEE98B01EE889650054F624 /* UIAnimation.swift in Sources */ = {isa = PBXBuildFile; fileRef = 7AEE98AF1EE889650054F624 /* UIAnimation.swift */; };
		7AEE98B21EE89A400054F624 /* Arrows.swift in Sources */ = {isa = PBXBuildFile; fileRef = 7AEE98B11EE89A400054F624 /* Arrows.swift */; };
		7AEE98B41EE8A5B00054F624 /* GameScene.sks in Resources */ = {isa = PBXBuildFile; fileRef = 7AEE98B31EE8A5B00054F624 /* GameScene.sks */; };
		7AEE98B71EE8AAA80054F624 /* Bumper.swift in Sources */ = {isa = PBXBuildFile; fileRef = 7AEE98B61EE8AAA80054F624 /* Bumper.swift */; };
		963F25391EE5A5A900D31540 /* AppDelegate.swift in Sources */ = {isa = PBXBuildFile; fileRef = 963F25381EE5A5A900D31540 /* AppDelegate.swift */; };
		963F253D1EE5A5A900D31540 /* Actions.sks in Resources */ = {isa = PBXBuildFile; fileRef = 963F253C1EE5A5A900D31540 /* Actions.sks */; };
		963F253F1EE5A5A900D31540 /* GameScene.swift in Sources */ = {isa = PBXBuildFile; fileRef = 963F253E1EE5A5A900D31540 /* GameScene.swift */; };
		963F25411EE5A5A900D31540 /* GameViewController.swift in Sources */ = {isa = PBXBuildFile; fileRef = 963F25401EE5A5A900D31540 /* GameViewController.swift */; };
		963F25441EE5A5A900D31540 /* Main.storyboard in Resources */ = {isa = PBXBuildFile; fileRef = 963F25421EE5A5A900D31540 /* Main.storyboard */; };
		963F25461EE5A5A900D31540 /* Assets.xcassets in Resources */ = {isa = PBXBuildFile; fileRef = 963F25451EE5A5A900D31540 /* Assets.xcassets */; };
		963F25491EE5A5A900D31540 /* LaunchScreen.storyboard in Resources */ = {isa = PBXBuildFile; fileRef = 963F25471EE5A5A900D31540 /* LaunchScreen.storyboard */; };
		963F25541EE5A5A900D31540 /* Swift_PinballTests.swift in Sources */ = {isa = PBXBuildFile; fileRef = 963F25531EE5A5A900D31540 /* Swift_PinballTests.swift */; };
		963F255F1EE5A5A900D31540 /* Swift_PinballUITests.swift in Sources */ = {isa = PBXBuildFile; fileRef = 963F255E1EE5A5A900D31540 /* Swift_PinballUITests.swift */; };
		963F256D1EE5A73A00D31540 /* PhysicsCategory.swift in Sources */ = {isa = PBXBuildFile; fileRef = 963F256C1EE5A73A00D31540 /* PhysicsCategory.swift */; };
		963F25711EE5FCB700D31540 /* GameScore.swift in Sources */ = {isa = PBXBuildFile; fileRef = 963F25701EE5FCB700D31540 /* GameScore.swift */; };
		963F25731EE60A2B00D31540 /* Angle.swift in Sources */ = {isa = PBXBuildFile; fileRef = 963F25721EE60A2B00D31540 /* Angle.swift */; };
		96C4EEC61EE705ED001EC180 /* Flipper.swift in Sources */ = {isa = PBXBuildFile; fileRef = 96C4EEC51EE705ED001EC180 /* Flipper.swift */; };
		96E1BB381EE855A800F4966D /* Collision.swift in Sources */ = {isa = PBXBuildFile; fileRef = 96E1BB371EE855A800F4966D /* Collision.swift */; };
		96E1BB3A1EE9E81000F4966D /* BumperB.swift in Sources */ = {isa = PBXBuildFile; fileRef = 96E1BB391EE9E81000F4966D /* BumperB.swift */; };
		96E1BB3D1EE9EEA200F4966D /* MusicPlayer.swift in Sources */ = {isa = PBXBuildFile; fileRef = 96E1BB3C1EE9EEA200F4966D /* MusicPlayer.swift */; };
		96E1BB3F1EE9F22000F4966D /* SKTAudio.swift in Sources */ = {isa = PBXBuildFile; fileRef = 96E1BB3E1EE9F22000F4966D /* SKTAudio.swift */; };
		96E1BB4C1EE9F44C00F4966D /* SoundsPlayer.swift in Sources */ = {isa = PBXBuildFile; fileRef = 96E1BB4B1EE9F44C00F4966D /* SoundsPlayer.swift */; };
		96E1BB4E1EE9F73B00F4966D /* BallCollision2.wav in Resources */ = {isa = PBXBuildFile; fileRef = 96E1BB4D1EE9F73B00F4966D /* BallCollision2.wav */; };
		96E1BB501EE9F87600F4966D /* FlipperUp.wav in Resources */ = {isa = PBXBuildFile; fileRef = 96E1BB4F1EE9F87600F4966D /* FlipperUp.wav */; };
		96E1BB521EE9FB3400F4966D /* Gate4.wav in Resources */ = {isa = PBXBuildFile; fileRef = 96E1BB511EE9FB3400F4966D /* Gate4.wav */; };
		96E1BB541EE9FC9600F4966D /* BackgroundMusic.mp3 in Resources */ = {isa = PBXBuildFile; fileRef = 96E1BB531EE9FC9600F4966D /* BackgroundMusic.mp3 */; };
		96E1BB581EEA059400F4966D /* Light.swift in Sources */ = {isa = PBXBuildFile; fileRef = 96E1BB571EEA059400F4966D /* Light.swift */; };
		96E1BB5C1EEA089200F4966D /* Bumper.mp3 in Resources */ = {isa = PBXBuildFile; fileRef = 96E1BB5B1EEA089200F4966D /* Bumper.mp3 */; };
/* End PBXBuildFile section */

/* Begin PBXContainerItemProxy section */
		963F25501EE5A5A900D31540 /* PBXContainerItemProxy */ = {
			isa = PBXContainerItemProxy;
			containerPortal = 963F252D1EE5A5A900D31540 /* Project object */;
			proxyType = 1;
			remoteGlobalIDString = 963F25341EE5A5A900D31540;
			remoteInfo = "Swift Pinball";
		};
		963F255B1EE5A5A900D31540 /* PBXContainerItemProxy */ = {
			isa = PBXContainerItemProxy;
			containerPortal = 963F252D1EE5A5A900D31540 /* Project object */;
			proxyType = 1;
			remoteGlobalIDString = 963F25341EE5A5A900D31540;
			remoteInfo = "Swift Pinball";
		};
/* End PBXContainerItemProxy section */

/* Begin PBXFileReference section */
		7AEE98AB1EE871A50054F624 /* Debug.swift */ = {isa = PBXFileReference; fileEncoding = 4; lastKnownFileType = sourcecode.swift; path = Debug.swift; sourceTree = "<group>"; };
		7AEE98AD1EE872370054F624 /* Ball.swift */ = {isa = PBXFileReference; fileEncoding = 4; lastKnownFileType = sourcecode.swift; path = Ball.swift; sourceTree = "<group>"; };
		7AEE98AF1EE889650054F624 /* UIAnimation.swift */ = {isa = PBXFileReference; fileEncoding = 4; lastKnownFileType = sourcecode.swift; path = UIAnimation.swift; sourceTree = "<group>"; };
		7AEE98B11EE89A400054F624 /* Arrows.swift */ = {isa = PBXFileReference; fileEncoding = 4; lastKnownFileType = sourcecode.swift; path = Arrows.swift; sourceTree = "<group>"; };
		7AEE98B31EE8A5B00054F624 /* GameScene.sks */ = {isa = PBXFileReference; lastKnownFileType = file.sks; path = GameScene.sks; sourceTree = "<group>"; };
		7AEE98B61EE8AAA80054F624 /* Bumper.swift */ = {isa = PBXFileReference; fileEncoding = 4; lastKnownFileType = sourcecode.swift; path = Bumper.swift; sourceTree = "<group>"; };
		963F25351EE5A5A900D31540 /* Swift Pinball.app */ = {isa = PBXFileReference; explicitFileType = wrapper.application; includeInIndex = 0; path = "Swift Pinball.app"; sourceTree = BUILT_PRODUCTS_DIR; };
		963F25381EE5A5A900D31540 /* AppDelegate.swift */ = {isa = PBXFileReference; lastKnownFileType = sourcecode.swift; path = AppDelegate.swift; sourceTree = "<group>"; };
		963F253C1EE5A5A900D31540 /* Actions.sks */ = {isa = PBXFileReference; lastKnownFileType = file.sks; path = Actions.sks; sourceTree = "<group>"; };
		963F253E1EE5A5A900D31540 /* GameScene.swift */ = {isa = PBXFileReference; lastKnownFileType = sourcecode.swift; path = GameScene.swift; sourceTree = "<group>"; };
		963F25401EE5A5A900D31540 /* GameViewController.swift */ = {isa = PBXFileReference; lastKnownFileType = sourcecode.swift; path = GameViewController.swift; sourceTree = "<group>"; };
		963F25431EE5A5A900D31540 /* Base */ = {isa = PBXFileReference; lastKnownFileType = file.storyboard; name = Base; path = Base.lproj/Main.storyboard; sourceTree = "<group>"; };
		963F25451EE5A5A900D31540 /* Assets.xcassets */ = {isa = PBXFileReference; lastKnownFileType = folder.assetcatalog; path = Assets.xcassets; sourceTree = "<group>"; };
		963F25481EE5A5A900D31540 /* Base */ = {isa = PBXFileReference; lastKnownFileType = file.storyboard; name = Base; path = Base.lproj/LaunchScreen.storyboard; sourceTree = "<group>"; };
		963F254A1EE5A5A900D31540 /* Info.plist */ = {isa = PBXFileReference; lastKnownFileType = text.plist.xml; path = Info.plist; sourceTree = "<group>"; };
		963F254F1EE5A5A900D31540 /* Swift PinballTests.xctest */ = {isa = PBXFileReference; explicitFileType = wrapper.cfbundle; includeInIndex = 0; path = "Swift PinballTests.xctest"; sourceTree = BUILT_PRODUCTS_DIR; };
		963F25531EE5A5A900D31540 /* Swift_PinballTests.swift */ = {isa = PBXFileReference; lastKnownFileType = sourcecode.swift; path = Swift_PinballTests.swift; sourceTree = "<group>"; };
		963F25551EE5A5A900D31540 /* Info.plist */ = {isa = PBXFileReference; lastKnownFileType = text.plist.xml; path = Info.plist; sourceTree = "<group>"; };
		963F255A1EE5A5A900D31540 /* Swift PinballUITests.xctest */ = {isa = PBXFileReference; explicitFileType = wrapper.cfbundle; includeInIndex = 0; path = "Swift PinballUITests.xctest"; sourceTree = BUILT_PRODUCTS_DIR; };
		963F255E1EE5A5A900D31540 /* Swift_PinballUITests.swift */ = {isa = PBXFileReference; lastKnownFileType = sourcecode.swift; path = Swift_PinballUITests.swift; sourceTree = "<group>"; };
		963F25601EE5A5A900D31540 /* Info.plist */ = {isa = PBXFileReference; lastKnownFileType = text.plist.xml; path = Info.plist; sourceTree = "<group>"; };
		963F256C1EE5A73A00D31540 /* PhysicsCategory.swift */ = {isa = PBXFileReference; fileEncoding = 4; lastKnownFileType = sourcecode.swift; path = PhysicsCategory.swift; sourceTree = "<group>"; };
		963F25701EE5FCB700D31540 /* GameScore.swift */ = {isa = PBXFileReference; fileEncoding = 4; lastKnownFileType = sourcecode.swift; path = GameScore.swift; sourceTree = "<group>"; };
		963F25721EE60A2B00D31540 /* Angle.swift */ = {isa = PBXFileReference; fileEncoding = 4; lastKnownFileType = sourcecode.swift; path = Angle.swift; sourceTree = "<group>"; };
		96C4EEC51EE705ED001EC180 /* Flipper.swift */ = {isa = PBXFileReference; fileEncoding = 4; lastKnownFileType = sourcecode.swift; path = Flipper.swift; sourceTree = "<group>"; };
		96E1BB371EE855A800F4966D /* Collision.swift */ = {isa = PBXFileReference; fileEncoding = 4; lastKnownFileType = sourcecode.swift; path = Collision.swift; sourceTree = "<group>"; };
		96E1BB391EE9E81000F4966D /* BumperB.swift */ = {isa = PBXFileReference; fileEncoding = 4; lastKnownFileType = sourcecode.swift; path = BumperB.swift; sourceTree = "<group>"; };
		96E1BB3C1EE9EEA200F4966D /* MusicPlayer.swift */ = {isa = PBXFileReference; fileEncoding = 4; lastKnownFileType = sourcecode.swift; path = MusicPlayer.swift; sourceTree = "<group>"; };
		96E1BB3E1EE9F22000F4966D /* SKTAudio.swift */ = {isa = PBXFileReference; fileEncoding = 4; lastKnownFileType = sourcecode.swift; path = SKTAudio.swift; sourceTree = "<group>"; };
		96E1BB491EE9F3FF00F4966D /* RollyingMaybe.caf */ = {isa = PBXFileReference; lastKnownFileType = file; name = RollyingMaybe.caf; path = "../../../../../Desktop/SoundEffects and Music Caf/RollyingMaybe.caf"; sourceTree = "<group>"; };
		96E1BB4A1EE9F3FF00F4966D /* SlingShots.caf */ = {isa = PBXFileReference; lastKnownFileType = file; name = SlingShots.caf; path = "../../../../../Desktop/SoundEffects and Music Caf/SlingShots.caf"; sourceTree = "<group>"; };
		96E1BB4B1EE9F44C00F4966D /* SoundsPlayer.swift */ = {isa = PBXFileReference; fileEncoding = 4; lastKnownFileType = sourcecode.swift; path = SoundsPlayer.swift; sourceTree = "<group>"; };
		96E1BB4D1EE9F73B00F4966D /* BallCollision2.wav */ = {isa = PBXFileReference; lastKnownFileType = audio.wav; name = BallCollision2.wav; path = ../../../../../Downloads/BallCollision2.wav; sourceTree = "<group>"; };
		96E1BB4F1EE9F87600F4966D /* FlipperUp.wav */ = {isa = PBXFileReference; lastKnownFileType = audio.wav; name = FlipperUp.wav; path = ../../../../../Desktop/Desktop/FlipperUp.wav; sourceTree = "<group>"; };
		96E1BB511EE9FB3400F4966D /* Gate4.wav */ = {isa = PBXFileReference; lastKnownFileType = audio.wav; name = Gate4.wav; path = ../../../../../Desktop/Desktop/Gate4.wav; sourceTree = "<group>"; };
		96E1BB531EE9FC9600F4966D /* BackgroundMusic.mp3 */ = {isa = PBXFileReference; lastKnownFileType = audio.mp3; name = BackgroundMusic.mp3; path = ../../../../../Desktop/BackgroundMusic.mp3; sourceTree = "<group>"; };
		96E1BB571EEA059400F4966D /* Light.swift */ = {isa = PBXFileReference; fileEncoding = 4; lastKnownFileType = sourcecode.swift; path = Light.swift; sourceTree = "<group>"; };
		96E1BB5B1EEA089200F4966D /* Bumper.mp3 */ = {isa = PBXFileReference; lastKnownFileType = audio.mp3; name = Bumper.mp3; path = ../../../../../Desktop/Bumper.mp3; sourceTree = "<group>"; };
/* End PBXFileReference section */

/* Begin PBXFrameworksBuildPhase section */
		963F25321EE5A5A900D31540 /* Frameworks */ = {
			isa = PBXFrameworksBuildPhase;
			buildActionMask = 2147483647;
			files = (
			);
			runOnlyForDeploymentPostprocessing = 0;
		};
		963F254C1EE5A5A900D31540 /* Frameworks */ = {
			isa = PBXFrameworksBuildPhase;
			buildActionMask = 2147483647;
			files = (
			);
			runOnlyForDeploymentPostprocessing = 0;
		};
		963F25571EE5A5A900D31540 /* Frameworks */ = {
			isa = PBXFrameworksBuildPhase;
			buildActionMask = 2147483647;
			files = (
			);
			runOnlyForDeploymentPostprocessing = 0;
		};
/* End PBXFrameworksBuildPhase section */

/* Begin PBXGroup section */
		7AEE98B51EE8A7490054F624 /* Logic */ = {
			isa = PBXGroup;
			children = (
				963F256C1EE5A73A00D31540 /* PhysicsCategory.swift */,
				963F25701EE5FCB700D31540 /* GameScore.swift */,
			);
			name = Logic;
			sourceTree = "<group>";
		};
		963F252C1EE5A5A900D31540 = {
			isa = PBXGroup;
			children = (
				963F25371EE5A5A900D31540 /* Swift Pinball */,
				963F25521EE5A5A900D31540 /* Swift PinballTests */,
				963F255D1EE5A5A900D31540 /* Swift PinballUITests */,
				963F25361EE5A5A900D31540 /* Products */,
			);
			sourceTree = "<group>";
		};
		963F25361EE5A5A900D31540 /* Products */ = {
			isa = PBXGroup;
			children = (
				963F25351EE5A5A900D31540 /* Swift Pinball.app */,
				963F254F1EE5A5A900D31540 /* Swift PinballTests.xctest */,
				963F255A1EE5A5A900D31540 /* Swift PinballUITests.xctest */,
			);
			name = Products;
			sourceTree = "<group>";
		};
		963F25371EE5A5A900D31540 /* Swift Pinball */ = {
			isa = PBXGroup;
			children = (
				96E1BB401EE9F38D00F4966D /* Resources */,
				96E1BB3B1EE9EE9600F4966D /* Audio */,
				7AEE98B51EE8A7490054F624 /* Logic */,
				96C4EEC41EE705D2001EC180 /* Nodes */,
				963F25741EE60A3400D31540 /* Utilities */,
				963F25381EE5A5A900D31540 /* AppDelegate.swift */,
				963F253C1EE5A5A900D31540 /* Actions.sks */,
				7AEE98B31EE8A5B00054F624 /* GameScene.sks */,
				963F253E1EE5A5A900D31540 /* GameScene.swift */,
				963F25401EE5A5A900D31540 /* GameViewController.swift */,
				963F25421EE5A5A900D31540 /* Main.storyboard */,
				963F25451EE5A5A900D31540 /* Assets.xcassets */,
				963F25471EE5A5A900D31540 /* LaunchScreen.storyboard */,
				963F254A1EE5A5A900D31540 /* Info.plist */,
			);
			path = "Swift Pinball";
			sourceTree = "<group>";
		};
		963F25521EE5A5A900D31540 /* Swift PinballTests */ = {
			isa = PBXGroup;
			children = (
				963F25531EE5A5A900D31540 /* Swift_PinballTests.swift */,
				963F25551EE5A5A900D31540 /* Info.plist */,
			);
			path = "Swift PinballTests";
			sourceTree = "<group>";
		};
		963F255D1EE5A5A900D31540 /* Swift PinballUITests */ = {
			isa = PBXGroup;
			children = (
				963F255E1EE5A5A900D31540 /* Swift_PinballUITests.swift */,
				963F25601EE5A5A900D31540 /* Info.plist */,
			);
			path = "Swift PinballUITests";
			sourceTree = "<group>";
		};
		963F25741EE60A3400D31540 /* Utilities */ = {
			isa = PBXGroup;
			children = (
				963F25721EE60A2B00D31540 /* Angle.swift */,
				96E1BB371EE855A800F4966D /* Collision.swift */,
				7AEE98AB1EE871A50054F624 /* Debug.swift */,
				7AEE98AF1EE889650054F624 /* UIAnimation.swift */,
				96E1BB3E1EE9F22000F4966D /* SKTAudio.swift */,
			);
			name = Utilities;
			sourceTree = "<group>";
		};
		96C4EEC41EE705D2001EC180 /* Nodes */ = {
			isa = PBXGroup;
			children = (
				96C4EEC51EE705ED001EC180 /* Flipper.swift */,
				7AEE98AD1EE872370054F624 /* Ball.swift */,
				7AEE98B11EE89A400054F624 /* Arrows.swift */,
				7AEE98B61EE8AAA80054F624 /* Bumper.swift */,
				96E1BB391EE9E81000F4966D /* BumperB.swift */,
				96E1BB571EEA059400F4966D /* Light.swift */,
			);
			name = Nodes;
			sourceTree = "<group>";
		};
		96E1BB3B1EE9EE9600F4966D /* Audio */ = {
			isa = PBXGroup;
			children = (
				96E1BB3C1EE9EEA200F4966D /* MusicPlayer.swift */,
				96E1BB4B1EE9F44C00F4966D /* SoundsPlayer.swift */,
			);
			name = Audio;
			sourceTree = "<group>";
		};
		96E1BB401EE9F38D00F4966D /* Resources */ = {
			isa = PBXGroup;
			children = (
				96E1BB411EE9F39300F4966D /* Sounds */,
			);
			name = Resources;
			sourceTree = "<group>";
		};
		96E1BB411EE9F39300F4966D /* Sounds */ = {
			isa = PBXGroup;
			children = (
				96E1BB531EE9FC9600F4966D /* BackgroundMusic.mp3 */,
				96E1BB4D1EE9F73B00F4966D /* BallCollision2.wav */,
				96E1BB4F1EE9F87600F4966D /* FlipperUp.wav */,
				96E1BB511EE9FB3400F4966D /* Gate4.wav */,
				96E1BB5B1EEA089200F4966D /* Bumper.mp3 */,
				96E1BB491EE9F3FF00F4966D /* RollyingMaybe.caf */,
				96E1BB4A1EE9F3FF00F4966D /* SlingShots.caf */,
			);
			name = Sounds;
			sourceTree = "<group>";
		};
/* End PBXGroup section */

/* Begin PBXNativeTarget section */
		963F25341EE5A5A900D31540 /* Swift Pinball */ = {
			isa = PBXNativeTarget;
			buildConfigurationList = 963F25631EE5A5A900D31540 /* Build configuration list for PBXNativeTarget "Swift Pinball" */;
			buildPhases = (
				963F25311EE5A5A900D31540 /* Sources */,
				963F25321EE5A5A900D31540 /* Frameworks */,
				963F25331EE5A5A900D31540 /* Resources */,
			);
			buildRules = (
			);
			dependencies = (
			);
			name = "Swift Pinball";
			productName = "Swift Pinball";
			productReference = 963F25351EE5A5A900D31540 /* Swift Pinball.app */;
			productType = "com.apple.product-type.application";
		};
		963F254E1EE5A5A900D31540 /* Swift PinballTests */ = {
			isa = PBXNativeTarget;
			buildConfigurationList = 963F25661EE5A5A900D31540 /* Build configuration list for PBXNativeTarget "Swift PinballTests" */;
			buildPhases = (
				963F254B1EE5A5A900D31540 /* Sources */,
				963F254C1EE5A5A900D31540 /* Frameworks */,
				963F254D1EE5A5A900D31540 /* Resources */,
			);
			buildRules = (
			);
			dependencies = (
				963F25511EE5A5A900D31540 /* PBXTargetDependency */,
			);
			name = "Swift PinballTests";
			productName = "Swift PinballTests";
			productReference = 963F254F1EE5A5A900D31540 /* Swift PinballTests.xctest */;
			productType = "com.apple.product-type.bundle.unit-test";
		};
		963F25591EE5A5A900D31540 /* Swift PinballUITests */ = {
			isa = PBXNativeTarget;
			buildConfigurationList = 963F25691EE5A5A900D31540 /* Build configuration list for PBXNativeTarget "Swift PinballUITests" */;
			buildPhases = (
				963F25561EE5A5A900D31540 /* Sources */,
				963F25571EE5A5A900D31540 /* Frameworks */,
				963F25581EE5A5A900D31540 /* Resources */,
			);
			buildRules = (
			);
			dependencies = (
				963F255C1EE5A5A900D31540 /* PBXTargetDependency */,
			);
			name = "Swift PinballUITests";
			productName = "Swift PinballUITests";
			productReference = 963F255A1EE5A5A900D31540 /* Swift PinballUITests.xctest */;
			productType = "com.apple.product-type.bundle.ui-testing";
		};
/* End PBXNativeTarget section */

/* Begin PBXProject section */
		963F252D1EE5A5A900D31540 /* Project object */ = {
			isa = PBXProject;
			attributes = {
				LastSwiftUpdateCheck = 0830;
				LastUpgradeCheck = 0830;
				ORGANIZATIONNAME = "Gil Ferraz";
				TargetAttributes = {
					963F25341EE5A5A900D31540 = {
						CreatedOnToolsVersion = 8.3.2;
						ProvisioningStyle = Automatic;
					};
					963F254E1EE5A5A900D31540 = {
						CreatedOnToolsVersion = 8.3.2;
						ProvisioningStyle = Automatic;
						TestTargetID = 963F25341EE5A5A900D31540;
					};
					963F25591EE5A5A900D31540 = {
						CreatedOnToolsVersion = 8.3.2;
						ProvisioningStyle = Automatic;
						TestTargetID = 963F25341EE5A5A900D31540;
					};
				};
			};
			buildConfigurationList = 963F25301EE5A5A900D31540 /* Build configuration list for PBXProject "Swift Pinball" */;
			compatibilityVersion = "Xcode 3.2";
			developmentRegion = English;
			hasScannedForEncodings = 0;
			knownRegions = (
				en,
				Base,
			);
			mainGroup = 963F252C1EE5A5A900D31540;
			productRefGroup = 963F25361EE5A5A900D31540 /* Products */;
			projectDirPath = "";
			projectRoot = "";
			targets = (
				963F25341EE5A5A900D31540 /* Swift Pinball */,
				963F254E1EE5A5A900D31540 /* Swift PinballTests */,
				963F25591EE5A5A900D31540 /* Swift PinballUITests */,
			);
		};
/* End PBXProject section */

/* Begin PBXResourcesBuildPhase section */
		963F25331EE5A5A900D31540 /* Resources */ = {
			isa = PBXResourcesBuildPhase;
			buildActionMask = 2147483647;
			files = (
				96E1BB501EE9F87600F4966D /* FlipperUp.wav in Resources */,
				96E1BB541EE9FC9600F4966D /* BackgroundMusic.mp3 in Resources */,
				963F25441EE5A5A900D31540 /* Main.storyboard in Resources */,
				963F25461EE5A5A900D31540 /* Assets.xcassets in Resources */,
				96E1BB4E1EE9F73B00F4966D /* BallCollision2.wav in Resources */,
				96E1BB5C1EEA089200F4966D /* Bumper.mp3 in Resources */,
				963F25491EE5A5A900D31540 /* LaunchScreen.storyboard in Resources */,
				963F253D1EE5A5A900D31540 /* Actions.sks in Resources */,
				7AEE98B41EE8A5B00054F624 /* GameScene.sks in Resources */,
				96E1BB521EE9FB3400F4966D /* Gate4.wav in Resources */,
			);
			runOnlyForDeploymentPostprocessing = 0;
		};
		963F254D1EE5A5A900D31540 /* Resources */ = {
			isa = PBXResourcesBuildPhase;
			buildActionMask = 2147483647;
			files = (
			);
			runOnlyForDeploymentPostprocessing = 0;
		};
		963F25581EE5A5A900D31540 /* Resources */ = {
			isa = PBXResourcesBuildPhase;
			buildActionMask = 2147483647;
			files = (
			);
			runOnlyForDeploymentPostprocessing = 0;
		};
/* End PBXResourcesBuildPhase section */

/* Begin PBXSourcesBuildPhase section */
		963F25311EE5A5A900D31540 /* Sources */ = {
			isa = PBXSourcesBuildPhase;
			buildActionMask = 2147483647;
			files = (
				96E1BB581EEA059400F4966D /* Light.swift in Sources */,
				963F253F1EE5A5A900D31540 /* GameScene.swift in Sources */,
				96E1BB381EE855A800F4966D /* Collision.swift in Sources */,
				7AEE98B71EE8AAA80054F624 /* Bumper.swift in Sources */,
				7AEE98B01EE889650054F624 /* UIAnimation.swift in Sources */,
				96E1BB4C1EE9F44C00F4966D /* SoundsPlayer.swift in Sources */,
				7AEE98AE1EE872370054F624 /* Ball.swift in Sources */,
				96E1BB3A1EE9E81000F4966D /* BumperB.swift in Sources */,
				963F256D1EE5A73A00D31540 /* PhysicsCategory.swift in Sources */,
				96C4EEC61EE705ED001EC180 /* Flipper.swift in Sources */,
				96E1BB3D1EE9EEA200F4966D /* MusicPlayer.swift in Sources */,
				7AEE98AC1EE871A50054F624 /* Debug.swift in Sources */,
				963F25711EE5FCB700D31540 /* GameScore.swift in Sources */,
				963F25411EE5A5A900D31540 /* GameViewController.swift in Sources */,
				7AEE98B21EE89A400054F624 /* Arrows.swift in Sources */,
				96E1BB3F1EE9F22000F4966D /* SKTAudio.swift in Sources */,
				963F25391EE5A5A900D31540 /* AppDelegate.swift in Sources */,
				963F25731EE60A2B00D31540 /* Angle.swift in Sources */,
			);
			runOnlyForDeploymentPostprocessing = 0;
		};
		963F254B1EE5A5A900D31540 /* Sources */ = {
			isa = PBXSourcesBuildPhase;
			buildActionMask = 2147483647;
			files = (
				963F25541EE5A5A900D31540 /* Swift_PinballTests.swift in Sources */,
			);
			runOnlyForDeploymentPostprocessing = 0;
		};
		963F25561EE5A5A900D31540 /* Sources */ = {
			isa = PBXSourcesBuildPhase;
			buildActionMask = 2147483647;
			files = (
				963F255F1EE5A5A900D31540 /* Swift_PinballUITests.swift in Sources */,
			);
			runOnlyForDeploymentPostprocessing = 0;
		};
/* End PBXSourcesBuildPhase section */

/* Begin PBXTargetDependency section */
		963F25511EE5A5A900D31540 /* PBXTargetDependency */ = {
			isa = PBXTargetDependency;
			target = 963F25341EE5A5A900D31540 /* Swift Pinball */;
			targetProxy = 963F25501EE5A5A900D31540 /* PBXContainerItemProxy */;
		};
		963F255C1EE5A5A900D31540 /* PBXTargetDependency */ = {
			isa = PBXTargetDependency;
			target = 963F25341EE5A5A900D31540 /* Swift Pinball */;
			targetProxy = 963F255B1EE5A5A900D31540 /* PBXContainerItemProxy */;
		};
/* End PBXTargetDependency section */

/* Begin PBXVariantGroup section */
		963F25421EE5A5A900D31540 /* Main.storyboard */ = {
			isa = PBXVariantGroup;
			children = (
				963F25431EE5A5A900D31540 /* Base */,
			);
			name = Main.storyboard;
			sourceTree = "<group>";
		};
		963F25471EE5A5A900D31540 /* LaunchScreen.storyboard */ = {
			isa = PBXVariantGroup;
			children = (
				963F25481EE5A5A900D31540 /* Base */,
			);
			name = LaunchScreen.storyboard;
			sourceTree = "<group>";
		};
/* End PBXVariantGroup section */

/* Begin XCBuildConfiguration section */
		963F25611EE5A5A900D31540 /* Debug */ = {
			isa = XCBuildConfiguration;
			buildSettings = {
				ALWAYS_SEARCH_USER_PATHS = NO;
				CLANG_ANALYZER_NONNULL = YES;
				CLANG_ANALYZER_NUMBER_OBJECT_CONVERSION = YES_AGGRESSIVE;
				CLANG_CXX_LANGUAGE_STANDARD = "gnu++0x";
				CLANG_CXX_LIBRARY = "libc++";
				CLANG_ENABLE_MODULES = YES;
				CLANG_ENABLE_OBJC_ARC = YES;
				CLANG_WARN_BOOL_CONVERSION = YES;
				CLANG_WARN_CONSTANT_CONVERSION = YES;
				CLANG_WARN_DIRECT_OBJC_ISA_USAGE = YES_ERROR;
				CLANG_WARN_DOCUMENTATION_COMMENTS = YES;
				CLANG_WARN_EMPTY_BODY = YES;
				CLANG_WARN_ENUM_CONVERSION = YES;
				CLANG_WARN_INFINITE_RECURSION = YES;
				CLANG_WARN_INT_CONVERSION = YES;
				CLANG_WARN_OBJC_ROOT_CLASS = YES_ERROR;
				CLANG_WARN_SUSPICIOUS_MOVE = YES;
				CLANG_WARN_UNREACHABLE_CODE = YES;
				CLANG_WARN__DUPLICATE_METHOD_MATCH = YES;
				"CODE_SIGN_IDENTITY[sdk=iphoneos*]" = "iPhone Developer";
				COPY_PHASE_STRIP = NO;
				DEBUG_INFORMATION_FORMAT = dwarf;
				ENABLE_STRICT_OBJC_MSGSEND = YES;
				ENABLE_TESTABILITY = YES;
				GCC_C_LANGUAGE_STANDARD = gnu99;
				GCC_DYNAMIC_NO_PIC = NO;
				GCC_NO_COMMON_BLOCKS = YES;
				GCC_OPTIMIZATION_LEVEL = 0;
				GCC_PREPROCESSOR_DEFINITIONS = (
					"DEBUG=1",
					"$(inherited)",
				);
				GCC_WARN_64_TO_32_BIT_CONVERSION = YES;
				GCC_WARN_ABOUT_RETURN_TYPE = YES_ERROR;
				GCC_WARN_UNDECLARED_SELECTOR = YES;
				GCC_WARN_UNINITIALIZED_AUTOS = YES_AGGRESSIVE;
				GCC_WARN_UNUSED_FUNCTION = YES;
				GCC_WARN_UNUSED_VARIABLE = YES;
				IPHONEOS_DEPLOYMENT_TARGET = 10.3;
				MTL_ENABLE_DEBUG_INFO = YES;
				ONLY_ACTIVE_ARCH = YES;
				SDKROOT = iphoneos;
				SWIFT_ACTIVE_COMPILATION_CONDITIONS = DEBUG;
				SWIFT_OPTIMIZATION_LEVEL = "-Onone";
				TARGETED_DEVICE_FAMILY = "1,2";
			};
			name = Debug;
		};
		963F25621EE5A5A900D31540 /* Release */ = {
			isa = XCBuildConfiguration;
			buildSettings = {
				ALWAYS_SEARCH_USER_PATHS = NO;
				CLANG_ANALYZER_NONNULL = YES;
				CLANG_ANALYZER_NUMBER_OBJECT_CONVERSION = YES_AGGRESSIVE;
				CLANG_CXX_LANGUAGE_STANDARD = "gnu++0x";
				CLANG_CXX_LIBRARY = "libc++";
				CLANG_ENABLE_MODULES = YES;
				CLANG_ENABLE_OBJC_ARC = YES;
				CLANG_WARN_BOOL_CONVERSION = YES;
				CLANG_WARN_CONSTANT_CONVERSION = YES;
				CLANG_WARN_DIRECT_OBJC_ISA_USAGE = YES_ERROR;
				CLANG_WARN_DOCUMENTATION_COMMENTS = YES;
				CLANG_WARN_EMPTY_BODY = YES;
				CLANG_WARN_ENUM_CONVERSION = YES;
				CLANG_WARN_INFINITE_RECURSION = YES;
				CLANG_WARN_INT_CONVERSION = YES;
				CLANG_WARN_OBJC_ROOT_CLASS = YES_ERROR;
				CLANG_WARN_SUSPICIOUS_MOVE = YES;
				CLANG_WARN_UNREACHABLE_CODE = YES;
				CLANG_WARN__DUPLICATE_METHOD_MATCH = YES;
				"CODE_SIGN_IDENTITY[sdk=iphoneos*]" = "iPhone Developer";
				COPY_PHASE_STRIP = NO;
				DEBUG_INFORMATION_FORMAT = "dwarf-with-dsym";
				ENABLE_NS_ASSERTIONS = NO;
				ENABLE_STRICT_OBJC_MSGSEND = YES;
				GCC_C_LANGUAGE_STANDARD = gnu99;
				GCC_NO_COMMON_BLOCKS = YES;
				GCC_WARN_64_TO_32_BIT_CONVERSION = YES;
				GCC_WARN_ABOUT_RETURN_TYPE = YES_ERROR;
				GCC_WARN_UNDECLARED_SELECTOR = YES;
				GCC_WARN_UNINITIALIZED_AUTOS = YES_AGGRESSIVE;
				GCC_WARN_UNUSED_FUNCTION = YES;
				GCC_WARN_UNUSED_VARIABLE = YES;
				IPHONEOS_DEPLOYMENT_TARGET = 10.3;
				MTL_ENABLE_DEBUG_INFO = NO;
				SDKROOT = iphoneos;
				SWIFT_OPTIMIZATION_LEVEL = "-Owholemodule";
				TARGETED_DEVICE_FAMILY = "1,2";
				VALIDATE_PRODUCT = YES;
			};
			name = Release;
		};
		963F25641EE5A5A900D31540 /* Debug */ = {
			isa = XCBuildConfiguration;
			buildSettings = {
				ASSETCATALOG_COMPILER_APPICON_NAME = AppIcon;
				INFOPLIST_FILE = "Swift Pinball/Info.plist";
				IPHONEOS_DEPLOYMENT_TARGET = 10.3;
				LD_RUNPATH_SEARCH_PATHS = "$(inherited) @executable_path/Frameworks";
				PRODUCT_BUNDLE_IDENTIFIER = "com.parreks.Swift-Pinball";
				PRODUCT_NAME = "$(TARGET_NAME)";
				SWIFT_VERSION = 3.0;
			};
			name = Debug;
		};
		963F25651EE5A5A900D31540 /* Release */ = {
			isa = XCBuildConfiguration;
			buildSettings = {
				ASSETCATALOG_COMPILER_APPICON_NAME = AppIcon;
				INFOPLIST_FILE = "Swift Pinball/Info.plist";
				IPHONEOS_DEPLOYMENT_TARGET = 10.3;
				LD_RUNPATH_SEARCH_PATHS = "$(inherited) @executable_path/Frameworks";
				PRODUCT_BUNDLE_IDENTIFIER = "com.parreks.Swift-Pinball";
				PRODUCT_NAME = "$(TARGET_NAME)";
				SWIFT_VERSION = 3.0;
			};
			name = Release;
		};
		963F25671EE5A5A900D31540 /* Debug */ = {
			isa = XCBuildConfiguration;
			buildSettings = {
				ALWAYS_EMBED_SWIFT_STANDARD_LIBRARIES = YES;
				BUNDLE_LOADER = "$(TEST_HOST)";
				INFOPLIST_FILE = "Swift PinballTests/Info.plist";
				LD_RUNPATH_SEARCH_PATHS = "$(inherited) @executable_path/Frameworks @loader_path/Frameworks";
				PRODUCT_BUNDLE_IDENTIFIER = "com.parreks.Swift-PinballTests";
				PRODUCT_NAME = "$(TARGET_NAME)";
				SWIFT_VERSION = 3.0;
				TEST_HOST = "$(BUILT_PRODUCTS_DIR)/Swift Pinball.app/Swift Pinball";
			};
			name = Debug;
		};
		963F25681EE5A5A900D31540 /* Release */ = {
			isa = XCBuildConfiguration;
			buildSettings = {
				ALWAYS_EMBED_SWIFT_STANDARD_LIBRARIES = YES;
				BUNDLE_LOADER = "$(TEST_HOST)";
				INFOPLIST_FILE = "Swift PinballTests/Info.plist";
				LD_RUNPATH_SEARCH_PATHS = "$(inherited) @executable_path/Frameworks @loader_path/Frameworks";
				PRODUCT_BUNDLE_IDENTIFIER = "com.parreks.Swift-PinballTests";
				PRODUCT_NAME = "$(TARGET_NAME)";
				SWIFT_VERSION = 3.0;
				TEST_HOST = "$(BUILT_PRODUCTS_DIR)/Swift Pinball.app/Swift Pinball";
			};
			name = Release;
		};
		963F256A1EE5A5A900D31540 /* Debug */ = {
			isa = XCBuildConfiguration;
			buildSettings = {
				ALWAYS_EMBED_SWIFT_STANDARD_LIBRARIES = YES;
				INFOPLIST_FILE = "Swift PinballUITests/Info.plist";
				LD_RUNPATH_SEARCH_PATHS = "$(inherited) @executable_path/Frameworks @loader_path/Frameworks";
				PRODUCT_BUNDLE_IDENTIFIER = "com.parreks.Swift-PinballUITests";
				PRODUCT_NAME = "$(TARGET_NAME)";
				SWIFT_VERSION = 3.0;
				TEST_TARGET_NAME = "Swift Pinball";
			};
			name = Debug;
		};
		963F256B1EE5A5A900D31540 /* Release */ = {
			isa = XCBuildConfiguration;
			buildSettings = {
				ALWAYS_EMBED_SWIFT_STANDARD_LIBRARIES = YES;
				INFOPLIST_FILE = "Swift PinballUITests/Info.plist";
				LD_RUNPATH_SEARCH_PATHS = "$(inherited) @executable_path/Frameworks @loader_path/Frameworks";
				PRODUCT_BUNDLE_IDENTIFIER = "com.parreks.Swift-PinballUITests";
				PRODUCT_NAME = "$(TARGET_NAME)";
				SWIFT_VERSION = 3.0;
				TEST_TARGET_NAME = "Swift Pinball";
			};
			name = Release;
		};
/* End XCBuildConfiguration section */

/* Begin XCConfigurationList section */
		963F25301EE5A5A900D31540 /* Build configuration list for PBXProject "Swift Pinball" */ = {
			isa = XCConfigurationList;
			buildConfigurations = (
				963F25611EE5A5A900D31540 /* Debug */,
				963F25621EE5A5A900D31540 /* Release */,
			);
			defaultConfigurationIsVisible = 0;
			defaultConfigurationName = Release;
		};
		963F25631EE5A5A900D31540 /* Build configuration list for PBXNativeTarget "Swift Pinball" */ = {
			isa = XCConfigurationList;
			buildConfigurations = (
				963F25641EE5A5A900D31540 /* Debug */,
				963F25651EE5A5A900D31540 /* Release */,
			);
			defaultConfigurationIsVisible = 0;
			defaultConfigurationName = Release;
		};
		963F25661EE5A5A900D31540 /* Build configuration list for PBXNativeTarget "Swift PinballTests" */ = {
			isa = XCConfigurationList;
			buildConfigurations = (
				963F25671EE5A5A900D31540 /* Debug */,
				963F25681EE5A5A900D31540 /* Release */,
			);
			defaultConfigurationIsVisible = 0;
			defaultConfigurationName = Release;
		};
		963F25691EE5A5A900D31540 /* Build configuration list for PBXNativeTarget "Swift PinballUITests" */ = {
			isa = XCConfigurationList;
			buildConfigurations = (
				963F256A1EE5A5A900D31540 /* Debug */,
				963F256B1EE5A5A900D31540 /* Release */,
			);
			defaultConfigurationIsVisible = 0;
			defaultConfigurationName = Release;
		};
/* End XCConfigurationList section */
	};
	rootObject = 963F252D1EE5A5A900D31540 /* Project object */;
}
